// !$*UTF8*$!
{
	archiveVersion = 1;
	classes = {
	};
	objectVersion = 50;
	objects = {

/* Begin PBXBuildFile section */
		06D67E90CA8C39A00842DAB5 /* Pods_smidigAppUITests.framework in Frameworks */ = {isa = PBXBuildFile; fileRef = CE30E62AB447072A518A0779 /* Pods_smidigAppUITests.framework */; };
		2D239B7C22AEE55600291018 /* NavController.swift in Sources */ = {isa = PBXBuildFile; fileRef = 2D239B7B22AEE55600291018 /* NavController.swift */; };
		2D4179382292BB7E0099599E /* AppDelegate.swift in Sources */ = {isa = PBXBuildFile; fileRef = 2D4179372292BB7E0099599E /* AppDelegate.swift */; };
		2D41793A2292BB7E0099599E /* ViewController.swift in Sources */ = {isa = PBXBuildFile; fileRef = 2D4179392292BB7E0099599E /* ViewController.swift */; };
		2D41793D2292BB7E0099599E /* Main.storyboard in Resources */ = {isa = PBXBuildFile; fileRef = 2D41793B2292BB7E0099599E /* Main.storyboard */; };
		2D41793F2292BB7F0099599E /* Assets.xcassets in Resources */ = {isa = PBXBuildFile; fileRef = 2D41793E2292BB7F0099599E /* Assets.xcassets */; };
		2D4179422292BB7F0099599E /* LaunchScreen.storyboard in Resources */ = {isa = PBXBuildFile; fileRef = 2D4179402292BB7F0099599E /* LaunchScreen.storyboard */; };
		2D41794D2292BB7F0099599E /* smidigAppTests.swift in Sources */ = {isa = PBXBuildFile; fileRef = 2D41794C2292BB7F0099599E /* smidigAppTests.swift */; };
		2D4179582292BB7F0099599E /* smidigAppUITests.swift in Sources */ = {isa = PBXBuildFile; fileRef = 2D4179572292BB7F0099599E /* smidigAppUITests.swift */; };
		2D7346CA22B3869F0046B24F /* HyttaViewController.swift in Sources */ = {isa = PBXBuildFile; fileRef = 2D7346C922B3869F0046B24F /* HyttaViewController.swift */; };
		2D7346CC22B386C20046B24F /* FjelletViewController.swift in Sources */ = {isa = PBXBuildFile; fileRef = 2D7346CB22B386C20046B24F /* FjelletViewController.swift */; };
		2D7346CE22B388890046B24F /* HVideoViewController.swift in Sources */ = {isa = PBXBuildFile; fileRef = 2D7346CD22B388890046B24F /* HVideoViewController.swift */; };
		2D7346D022B388970046B24F /* SVideoViewController.swift in Sources */ = {isa = PBXBuildFile; fileRef = 2D7346CF22B388970046B24F /* SVideoViewController.swift */; };
		2D83D1EB22B11D6D00E816A5 /* VideoViewController.swift in Sources */ = {isa = PBXBuildFile; fileRef = 2D83D1EA22B11D6D00E816A5 /* VideoViewController.swift */; };
		2DD25CFE22B12BEC005E07C5 /* SkogenViewController.swift in Sources */ = {isa = PBXBuildFile; fileRef = 2DD25CFD22B12BEC005E07C5 /* SkogenViewController.swift */; };
		2DD25D0122B2462B005E07C5 /* MenuViewController.swift in Sources */ = {isa = PBXBuildFile; fileRef = 2DD25CFF22B2462A005E07C5 /* MenuViewController.swift */; };
		2DD25D0222B2462B005E07C5 /* SlideInTransition.swift in Sources */ = {isa = PBXBuildFile; fileRef = 2DD25D0022B2462A005E07C5 /* SlideInTransition.swift */; };
		A6A4D130E062B84393CDD472 /* Pods_smidigApp.framework in Frameworks */ = {isa = PBXBuildFile; fileRef = 3B79CDEA2A530B6E56CE0CAC /* Pods_smidigApp.framework */; };
		D0EB2381367ADD6E489E8D5E /* Pods_smidigAppTests.framework in Frameworks */ = {isa = PBXBuildFile; fileRef = 7BC15A8EB1F7DC7B5FC4F79D /* Pods_smidigAppTests.framework */; };
/* End PBXBuildFile section */

/* Begin PBXContainerItemProxy section */
		2D4179492292BB7F0099599E /* PBXContainerItemProxy */ = {
			isa = PBXContainerItemProxy;
			containerPortal = 2D41792C2292BB7E0099599E /* Project object */;
			proxyType = 1;
			remoteGlobalIDString = 2D4179332292BB7E0099599E;
			remoteInfo = smidigApp;
		};
		2D4179542292BB7F0099599E /* PBXContainerItemProxy */ = {
			isa = PBXContainerItemProxy;
			containerPortal = 2D41792C2292BB7E0099599E /* Project object */;
			proxyType = 1;
			remoteGlobalIDString = 2D4179332292BB7E0099599E;
			remoteInfo = smidigApp;
		};
/* End PBXContainerItemProxy section */

/* Begin PBXFileReference section */
		0D0C0066C2A21CBDFA53DE59 /* Pods-smidigApp.release.xcconfig */ = {isa = PBXFileReference; includeInIndex = 1; lastKnownFileType = text.xcconfig; name = "Pods-smidigApp.release.xcconfig"; path = "Target Support Files/Pods-smidigApp/Pods-smidigApp.release.xcconfig"; sourceTree = "<group>"; };
		2D239B7B22AEE55600291018 /* NavController.swift */ = {isa = PBXFileReference; lastKnownFileType = sourcecode.swift; path = NavController.swift; sourceTree = "<group>"; };
		2D4179342292BB7E0099599E /* smidigApp.app */ = {isa = PBXFileReference; explicitFileType = wrapper.application; includeInIndex = 0; path = smidigApp.app; sourceTree = BUILT_PRODUCTS_DIR; };
		2D4179372292BB7E0099599E /* AppDelegate.swift */ = {isa = PBXFileReference; lastKnownFileType = sourcecode.swift; path = AppDelegate.swift; sourceTree = "<group>"; };
		2D4179392292BB7E0099599E /* ViewController.swift */ = {isa = PBXFileReference; lastKnownFileType = sourcecode.swift; path = ViewController.swift; sourceTree = "<group>"; };
		2D41793C2292BB7E0099599E /* Base */ = {isa = PBXFileReference; lastKnownFileType = file.storyboard; name = Base; path = Base.lproj/Main.storyboard; sourceTree = "<group>"; };
		2D41793E2292BB7F0099599E /* Assets.xcassets */ = {isa = PBXFileReference; lastKnownFileType = folder.assetcatalog; path = Assets.xcassets; sourceTree = "<group>"; };
		2D4179412292BB7F0099599E /* Base */ = {isa = PBXFileReference; lastKnownFileType = file.storyboard; name = Base; path = Base.lproj/LaunchScreen.storyboard; sourceTree = "<group>"; };
		2D4179432292BB7F0099599E /* Info.plist */ = {isa = PBXFileReference; lastKnownFileType = text.plist.xml; path = Info.plist; sourceTree = "<group>"; };
		2D4179482292BB7F0099599E /* smidigAppTests.xctest */ = {isa = PBXFileReference; explicitFileType = wrapper.cfbundle; includeInIndex = 0; path = smidigAppTests.xctest; sourceTree = BUILT_PRODUCTS_DIR; };
		2D41794C2292BB7F0099599E /* smidigAppTests.swift */ = {isa = PBXFileReference; lastKnownFileType = sourcecode.swift; path = smidigAppTests.swift; sourceTree = "<group>"; };
		2D41794E2292BB7F0099599E /* Info.plist */ = {isa = PBXFileReference; lastKnownFileType = text.plist.xml; path = Info.plist; sourceTree = "<group>"; };
		2D4179532292BB7F0099599E /* smidigAppUITests.xctest */ = {isa = PBXFileReference; explicitFileType = wrapper.cfbundle; includeInIndex = 0; path = smidigAppUITests.xctest; sourceTree = BUILT_PRODUCTS_DIR; };
		2D4179572292BB7F0099599E /* smidigAppUITests.swift */ = {isa = PBXFileReference; lastKnownFileType = sourcecode.swift; path = smidigAppUITests.swift; sourceTree = "<group>"; };
		2D4179592292BB7F0099599E /* Info.plist */ = {isa = PBXFileReference; lastKnownFileType = text.plist.xml; path = Info.plist; sourceTree = "<group>"; };
		2D7346C922B3869F0046B24F /* HyttaViewController.swift */ = {isa = PBXFileReference; lastKnownFileType = sourcecode.swift; path = HyttaViewController.swift; sourceTree = "<group>"; };
		2D7346CB22B386C20046B24F /* FjelletViewController.swift */ = {isa = PBXFileReference; lastKnownFileType = sourcecode.swift; path = FjelletViewController.swift; sourceTree = "<group>"; };
		2D7346CD22B388890046B24F /* HVideoViewController.swift */ = {isa = PBXFileReference; lastKnownFileType = sourcecode.swift; path = HVideoViewController.swift; sourceTree = "<group>"; };
		2D7346CF22B388970046B24F /* SVideoViewController.swift */ = {isa = PBXFileReference; lastKnownFileType = sourcecode.swift; path = SVideoViewController.swift; sourceTree = "<group>"; };
		2D83D1EA22B11D6D00E816A5 /* VideoViewController.swift */ = {isa = PBXFileReference; lastKnownFileType = sourcecode.swift; path = VideoViewController.swift; sourceTree = "<group>"; };
		2DD25CFD22B12BEC005E07C5 /* SkogenViewController.swift */ = {isa = PBXFileReference; lastKnownFileType = sourcecode.swift; path = SkogenViewController.swift; sourceTree = "<group>"; };
		2DD25CFF22B2462A005E07C5 /* MenuViewController.swift */ = {isa = PBXFileReference; fileEncoding = 4; lastKnownFileType = sourcecode.swift; path = MenuViewController.swift; sourceTree = "<group>"; };
		2DD25D0022B2462A005E07C5 /* SlideInTransition.swift */ = {isa = PBXFileReference; fileEncoding = 4; lastKnownFileType = sourcecode.swift; path = SlideInTransition.swift; sourceTree = "<group>"; };
		3B79CDEA2A530B6E56CE0CAC /* Pods_smidigApp.framework */ = {isa = PBXFileReference; explicitFileType = wrapper.framework; includeInIndex = 0; path = Pods_smidigApp.framework; sourceTree = BUILT_PRODUCTS_DIR; };
		69C293B409DC2647926C2EC4 /* Pods-smidigAppUITests.release.xcconfig */ = {isa = PBXFileReference; includeInIndex = 1; lastKnownFileType = text.xcconfig; name = "Pods-smidigAppUITests.release.xcconfig"; path = "Target Support Files/Pods-smidigAppUITests/Pods-smidigAppUITests.release.xcconfig"; sourceTree = "<group>"; };
		7BC15A8EB1F7DC7B5FC4F79D /* Pods_smidigAppTests.framework */ = {isa = PBXFileReference; explicitFileType = wrapper.framework; includeInIndex = 0; path = Pods_smidigAppTests.framework; sourceTree = BUILT_PRODUCTS_DIR; };
		A16796E1F311E23C04A3B6C1 /* Pods-smidigAppTests.release.xcconfig */ = {isa = PBXFileReference; includeInIndex = 1; lastKnownFileType = text.xcconfig; name = "Pods-smidigAppTests.release.xcconfig"; path = "Target Support Files/Pods-smidigAppTests/Pods-smidigAppTests.release.xcconfig"; sourceTree = "<group>"; };
		A6A8F7A76741270479FFAF3B /* Pods-smidigAppUITests.debug.xcconfig */ = {isa = PBXFileReference; includeInIndex = 1; lastKnownFileType = text.xcconfig; name = "Pods-smidigAppUITests.debug.xcconfig"; path = "Target Support Files/Pods-smidigAppUITests/Pods-smidigAppUITests.debug.xcconfig"; sourceTree = "<group>"; };
		CE30E62AB447072A518A0779 /* Pods_smidigAppUITests.framework */ = {isa = PBXFileReference; explicitFileType = wrapper.framework; includeInIndex = 0; path = Pods_smidigAppUITests.framework; sourceTree = BUILT_PRODUCTS_DIR; };
		E924AB54EDAA24F8CF8DE0BE /* Pods-smidigApp.debug.xcconfig */ = {isa = PBXFileReference; includeInIndex = 1; lastKnownFileType = text.xcconfig; name = "Pods-smidigApp.debug.xcconfig"; path = "Target Support Files/Pods-smidigApp/Pods-smidigApp.debug.xcconfig"; sourceTree = "<group>"; };
		F384FC71AC6C49E89ED40158 /* Pods-smidigAppTests.debug.xcconfig */ = {isa = PBXFileReference; includeInIndex = 1; lastKnownFileType = text.xcconfig; name = "Pods-smidigAppTests.debug.xcconfig"; path = "Target Support Files/Pods-smidigAppTests/Pods-smidigAppTests.debug.xcconfig"; sourceTree = "<group>"; };
/* End PBXFileReference section */

/* Begin PBXFrameworksBuildPhase section */
		2D4179312292BB7E0099599E /* Frameworks */ = {
			isa = PBXFrameworksBuildPhase;
			buildActionMask = 2147483647;
			files = (
				A6A4D130E062B84393CDD472 /* Pods_smidigApp.framework in Frameworks */,
			);
			runOnlyForDeploymentPostprocessing = 0;
		};
		2D4179452292BB7F0099599E /* Frameworks */ = {
			isa = PBXFrameworksBuildPhase;
			buildActionMask = 2147483647;
			files = (
				D0EB2381367ADD6E489E8D5E /* Pods_smidigAppTests.framework in Frameworks */,
			);
			runOnlyForDeploymentPostprocessing = 0;
		};
		2D4179502292BB7F0099599E /* Frameworks */ = {
			isa = PBXFrameworksBuildPhase;
			buildActionMask = 2147483647;
			files = (
				06D67E90CA8C39A00842DAB5 /* Pods_smidigAppUITests.framework in Frameworks */,
			);
			runOnlyForDeploymentPostprocessing = 0;
		};
/* End PBXFrameworksBuildPhase section */

/* Begin PBXGroup section */
		2D41792B2292BB7E0099599E = {
			isa = PBXGroup;
			children = (
				2D4179362292BB7E0099599E /* smidigApp */,
				2D41794B2292BB7F0099599E /* smidigAppTests */,
				2D4179562292BB7F0099599E /* smidigAppUITests */,
				2D4179352292BB7E0099599E /* Products */,
				D5DAFAA5D2C40332107564D5 /* Pods */,
				EBE713F4A65FEBB92B3AE32D /* Frameworks */,
			);
			sourceTree = "<group>";
		};
		2D4179352292BB7E0099599E /* Products */ = {
			isa = PBXGroup;
			children = (
				2D4179342292BB7E0099599E /* smidigApp.app */,
				2D4179482292BB7F0099599E /* smidigAppTests.xctest */,
				2D4179532292BB7F0099599E /* smidigAppUITests.xctest */,
			);
			name = Products;
			sourceTree = "<group>";
		};
		2D4179362292BB7E0099599E /* smidigApp */ = {
			isa = PBXGroup;
			children = (
				2D7346C822B2F3950046B24F /* Storyboards */,
				2D7346C722B2F3450046B24F /* Animations */,
				2D7346C622B2F3320046B24F /* Delegates */,
				2D7346C422B2F2F70046B24F /* Views */,
				2D41793E2292BB7F0099599E /* Assets.xcassets */,
				2D4179432292BB7F0099599E /* Info.plist */,
			);
			path = smidigApp;
			sourceTree = "<group>";
		};
		2D41794B2292BB7F0099599E /* smidigAppTests */ = {
			isa = PBXGroup;
			children = (
				2D41794C2292BB7F0099599E /* smidigAppTests.swift */,
				2D41794E2292BB7F0099599E /* Info.plist */,
			);
			path = smidigAppTests;
			sourceTree = "<group>";
		};
		2D4179562292BB7F0099599E /* smidigAppUITests */ = {
			isa = PBXGroup;
			children = (
				2D4179572292BB7F0099599E /* smidigAppUITests.swift */,
				2D4179592292BB7F0099599E /* Info.plist */,
			);
			path = smidigAppUITests;
			sourceTree = "<group>";
		};
		2D7346C422B2F2F70046B24F /* Views */ = {
			isa = PBXGroup;
			children = (
				2D239B7B22AEE55600291018 /* NavController.swift */,
				2D83D1EA22B11D6D00E816A5 /* VideoViewController.swift */,
				2DD25CFD22B12BEC005E07C5 /* SkogenViewController.swift */,
				2D4179392292BB7E0099599E /* ViewController.swift */,
				2DD25CFF22B2462A005E07C5 /* MenuViewController.swift */,
				2D7346C922B3869F0046B24F /* HyttaViewController.swift */,
				2D7346CB22B386C20046B24F /* FjelletViewController.swift */,
				2D7346CD22B388890046B24F /* HVideoViewController.swift */,
				2D7346CF22B388970046B24F /* SVideoViewController.swift */,
			);
			path = Views;
			sourceTree = "<group>";
		};
		2D7346C622B2F3320046B24F /* Delegates */ = {
			isa = PBXGroup;
			children = (
				2D4179372292BB7E0099599E /* AppDelegate.swift */,
			);
			path = Delegates;
			sourceTree = "<group>";
		};
		2D7346C722B2F3450046B24F /* Animations */ = {
			isa = PBXGroup;
			children = (
				2DD25D0022B2462A005E07C5 /* SlideInTransition.swift */,
			);
			path = Animations;
			sourceTree = "<group>";
		};
		2D7346C822B2F3950046B24F /* Storyboards */ = {
			isa = PBXGroup;
			children = (
				2D4179402292BB7F0099599E /* LaunchScreen.storyboard */,
				2D41793B2292BB7E0099599E /* Main.storyboard */,
			);
			path = Storyboards;
			sourceTree = "<group>";
		};
		D5DAFAA5D2C40332107564D5 /* Pods */ = {
			isa = PBXGroup;
			children = (
				E924AB54EDAA24F8CF8DE0BE /* Pods-smidigApp.debug.xcconfig */,
				0D0C0066C2A21CBDFA53DE59 /* Pods-smidigApp.release.xcconfig */,
				F384FC71AC6C49E89ED40158 /* Pods-smidigAppTests.debug.xcconfig */,
				A16796E1F311E23C04A3B6C1 /* Pods-smidigAppTests.release.xcconfig */,
				A6A8F7A76741270479FFAF3B /* Pods-smidigAppUITests.debug.xcconfig */,
				69C293B409DC2647926C2EC4 /* Pods-smidigAppUITests.release.xcconfig */,
			);
			path = Pods;
			sourceTree = "<group>";
		};
		EBE713F4A65FEBB92B3AE32D /* Frameworks */ = {
			isa = PBXGroup;
			children = (
				3B79CDEA2A530B6E56CE0CAC /* Pods_smidigApp.framework */,
				7BC15A8EB1F7DC7B5FC4F79D /* Pods_smidigAppTests.framework */,
				CE30E62AB447072A518A0779 /* Pods_smidigAppUITests.framework */,
			);
			name = Frameworks;
			sourceTree = "<group>";
		};
/* End PBXGroup section */

/* Begin PBXNativeTarget section */
		2D4179332292BB7E0099599E /* smidigApp */ = {
			isa = PBXNativeTarget;
			buildConfigurationList = 2D41795C2292BB800099599E /* Build configuration list for PBXNativeTarget "smidigApp" */;
			buildPhases = (
				4AD64D12A7A1F6FF8C76B300 /* [CP] Check Pods Manifest.lock */,
				2D4179302292BB7E0099599E /* Sources */,
				2D4179312292BB7E0099599E /* Frameworks */,
				2D4179322292BB7E0099599E /* Resources */,
				903E47CA22CB2A34F95AC7B3 /* [CP] Embed Pods Frameworks */,
			);
			buildRules = (
			);
			dependencies = (
			);
			name = smidigApp;
			productName = smidigApp;
			productReference = 2D4179342292BB7E0099599E /* smidigApp.app */;
			productType = "com.apple.product-type.application";
		};
		2D4179472292BB7F0099599E /* smidigAppTests */ = {
			isa = PBXNativeTarget;
			buildConfigurationList = 2D41795F2292BB800099599E /* Build configuration list for PBXNativeTarget "smidigAppTests" */;
			buildPhases = (
				20C92ACD5151269FABDFDD25 /* [CP] Check Pods Manifest.lock */,
				2D4179442292BB7F0099599E /* Sources */,
				2D4179452292BB7F0099599E /* Frameworks */,
				2D4179462292BB7F0099599E /* Resources */,
			);
			buildRules = (
			);
			dependencies = (
				2D41794A2292BB7F0099599E /* PBXTargetDependency */,
			);
			name = smidigAppTests;
			productName = smidigAppTests;
			productReference = 2D4179482292BB7F0099599E /* smidigAppTests.xctest */;
			productType = "com.apple.product-type.bundle.unit-test";
		};
		2D4179522292BB7F0099599E /* smidigAppUITests */ = {
			isa = PBXNativeTarget;
			buildConfigurationList = 2D4179622292BB800099599E /* Build configuration list for PBXNativeTarget "smidigAppUITests" */;
			buildPhases = (
				7F85C3B1C9EA0B7F4DFA8180 /* [CP] Check Pods Manifest.lock */,
				2D41794F2292BB7F0099599E /* Sources */,
				2D4179502292BB7F0099599E /* Frameworks */,
				2D4179512292BB7F0099599E /* Resources */,
			);
			buildRules = (
			);
			dependencies = (
				2D4179552292BB7F0099599E /* PBXTargetDependency */,
			);
			name = smidigAppUITests;
			productName = smidigAppUITests;
			productReference = 2D4179532292BB7F0099599E /* smidigAppUITests.xctest */;
			productType = "com.apple.product-type.bundle.ui-testing";
		};
/* End PBXNativeTarget section */

/* Begin PBXProject section */
		2D41792C2292BB7E0099599E /* Project object */ = {
			isa = PBXProject;
			attributes = {
				LastSwiftUpdateCheck = 1020;
				LastUpgradeCheck = 1020;
				ORGANIZATIONNAME = "Joseph Nimoson";
				TargetAttributes = {
					2D4179332292BB7E0099599E = {
						CreatedOnToolsVersion = 10.2.1;
					};
					2D4179472292BB7F0099599E = {
						CreatedOnToolsVersion = 10.2.1;
						TestTargetID = 2D4179332292BB7E0099599E;
					};
					2D4179522292BB7F0099599E = {
						CreatedOnToolsVersion = 10.2.1;
						TestTargetID = 2D4179332292BB7E0099599E;
					};
				};
			};
			buildConfigurationList = 2D41792F2292BB7E0099599E /* Build configuration list for PBXProject "smidigApp" */;
			compatibilityVersion = "Xcode 9.3";
			developmentRegion = en;
			hasScannedForEncodings = 0;
			knownRegions = (
				en,
				Base,
			);
			mainGroup = 2D41792B2292BB7E0099599E;
			productRefGroup = 2D4179352292BB7E0099599E /* Products */;
			projectDirPath = "";
			projectRoot = "";
			targets = (
				2D4179332292BB7E0099599E /* smidigApp */,
				2D4179472292BB7F0099599E /* smidigAppTests */,
				2D4179522292BB7F0099599E /* smidigAppUITests */,
			);
		};
/* End PBXProject section */

/* Begin PBXResourcesBuildPhase section */
		2D4179322292BB7E0099599E /* Resources */ = {
			isa = PBXResourcesBuildPhase;
			buildActionMask = 2147483647;
			files = (
				2D4179422292BB7F0099599E /* LaunchScreen.storyboard in Resources */,
				2D41793F2292BB7F0099599E /* Assets.xcassets in Resources */,
				2D41793D2292BB7E0099599E /* Main.storyboard in Resources */,
			);
			runOnlyForDeploymentPostprocessing = 0;
		};
		2D4179462292BB7F0099599E /* Resources */ = {
			isa = PBXResourcesBuildPhase;
			buildActionMask = 2147483647;
			files = (
			);
			runOnlyForDeploymentPostprocessing = 0;
		};
		2D4179512292BB7F0099599E /* Resources */ = {
			isa = PBXResourcesBuildPhase;
			buildActionMask = 2147483647;
			files = (
			);
			runOnlyForDeploymentPostprocessing = 0;
		};
/* End PBXResourcesBuildPhase section */

/* Begin PBXShellScriptBuildPhase section */
		20C92ACD5151269FABDFDD25 /* [CP] Check Pods Manifest.lock */ = {
			isa = PBXShellScriptBuildPhase;
			buildActionMask = 2147483647;
			files = (
			);
			inputFileListPaths = (
			);
			inputPaths = (
				"${PODS_PODFILE_DIR_PATH}/Podfile.lock",
				"${PODS_ROOT}/Manifest.lock",
			);
			name = "[CP] Check Pods Manifest.lock";
			outputFileListPaths = (
			);
			outputPaths = (
				"$(DERIVED_FILE_DIR)/Pods-smidigAppTests-checkManifestLockResult.txt",
			);
			runOnlyForDeploymentPostprocessing = 0;
			shellPath = /bin/sh;
			shellScript = "diff \"${PODS_PODFILE_DIR_PATH}/Podfile.lock\" \"${PODS_ROOT}/Manifest.lock\" > /dev/null\nif [ $? != 0 ] ; then\n    # print error to STDERR\n    echo \"error: The sandbox is not in sync with the Podfile.lock. Run 'pod install' or update your CocoaPods installation.\" >&2\n    exit 1\nfi\n# This output is used by Xcode 'outputs' to avoid re-running this script phase.\necho \"SUCCESS\" > \"${SCRIPT_OUTPUT_FILE_0}\"\n";
			showEnvVarsInLog = 0;
		};
		4AD64D12A7A1F6FF8C76B300 /* [CP] Check Pods Manifest.lock */ = {
			isa = PBXShellScriptBuildPhase;
			buildActionMask = 2147483647;
			files = (
			);
			inputFileListPaths = (
			);
			inputPaths = (
				"${PODS_PODFILE_DIR_PATH}/Podfile.lock",
				"${PODS_ROOT}/Manifest.lock",
			);
			name = "[CP] Check Pods Manifest.lock";
			outputFileListPaths = (
			);
			outputPaths = (
				"$(DERIVED_FILE_DIR)/Pods-smidigApp-checkManifestLockResult.txt",
			);
			runOnlyForDeploymentPostprocessing = 0;
			shellPath = /bin/sh;
			shellScript = "diff \"${PODS_PODFILE_DIR_PATH}/Podfile.lock\" \"${PODS_ROOT}/Manifest.lock\" > /dev/null\nif [ $? != 0 ] ; then\n    # print error to STDERR\n    echo \"error: The sandbox is not in sync with the Podfile.lock. Run 'pod install' or update your CocoaPods installation.\" >&2\n    exit 1\nfi\n# This output is used by Xcode 'outputs' to avoid re-running this script phase.\necho \"SUCCESS\" > \"${SCRIPT_OUTPUT_FILE_0}\"\n";
			showEnvVarsInLog = 0;
		};
		7F85C3B1C9EA0B7F4DFA8180 /* [CP] Check Pods Manifest.lock */ = {
			isa = PBXShellScriptBuildPhase;
			buildActionMask = 2147483647;
			files = (
			);
			inputFileListPaths = (
			);
			inputPaths = (
				"${PODS_PODFILE_DIR_PATH}/Podfile.lock",
				"${PODS_ROOT}/Manifest.lock",
			);
			name = "[CP] Check Pods Manifest.lock";
			outputFileListPaths = (
			);
			outputPaths = (
				"$(DERIVED_FILE_DIR)/Pods-smidigAppUITests-checkManifestLockResult.txt",
			);
			runOnlyForDeploymentPostprocessing = 0;
			shellPath = /bin/sh;
			shellScript = "diff \"${PODS_PODFILE_DIR_PATH}/Podfile.lock\" \"${PODS_ROOT}/Manifest.lock\" > /dev/null\nif [ $? != 0 ] ; then\n    # print error to STDERR\n    echo \"error: The sandbox is not in sync with the Podfile.lock. Run 'pod install' or update your CocoaPods installation.\" >&2\n    exit 1\nfi\n# This output is used by Xcode 'outputs' to avoid re-running this script phase.\necho \"SUCCESS\" > \"${SCRIPT_OUTPUT_FILE_0}\"\n";
			showEnvVarsInLog = 0;
		};
		903E47CA22CB2A34F95AC7B3 /* [CP] Embed Pods Frameworks */ = {
			isa = PBXShellScriptBuildPhase;
			buildActionMask = 2147483647;
			files = (
			);
			inputFileListPaths = (
			);
			inputPaths = (
				"${PODS_ROOT}/Target Support Files/Pods-smidigApp/Pods-smidigApp-frameworks.sh",
				"${BUILT_PRODUCTS_DIR}/YoutubePlayer-in-WKWebView/YoutubePlayer_in_WKWebView.framework",
			);
			name = "[CP] Embed Pods Frameworks";
			outputFileListPaths = (
			);
			outputPaths = (
				"${TARGET_BUILD_DIR}/${FRAMEWORKS_FOLDER_PATH}/YoutubePlayer_in_WKWebView.framework",
			);
			runOnlyForDeploymentPostprocessing = 0;
			shellPath = /bin/sh;
			shellScript = "\"${PODS_ROOT}/Target Support Files/Pods-smidigApp/Pods-smidigApp-frameworks.sh\"\n";
			showEnvVarsInLog = 0;
		};
/* End PBXShellScriptBuildPhase section */

/* Begin PBXSourcesBuildPhase section */
		2D4179302292BB7E0099599E /* Sources */ = {
			isa = PBXSourcesBuildPhase;
			buildActionMask = 2147483647;
			files = (
				2D41793A2292BB7E0099599E /* ViewController.swift in Sources */,
				2DD25D0122B2462B005E07C5 /* MenuViewController.swift in Sources */,
				2D4179382292BB7E0099599E /* AppDelegate.swift in Sources */,
				2D7346CC22B386C20046B24F /* FjelletViewController.swift in Sources */,
				2D7346D022B388970046B24F /* SVideoViewController.swift in Sources */,
				2D83D1EB22B11D6D00E816A5 /* VideoViewController.swift in Sources */,
				2D7346CE22B388890046B24F /* HVideoViewController.swift in Sources */,
				2DD25D0222B2462B005E07C5 /* SlideInTransition.swift in Sources */,
				2D7346CA22B3869F0046B24F /* HyttaViewController.swift in Sources */,
				2D239B7C22AEE55600291018 /* NavController.swift in Sources */,
				2DD25CFE22B12BEC005E07C5 /* SkogenViewController.swift in Sources */,
			);
			runOnlyForDeploymentPostprocessing = 0;
		};
		2D4179442292BB7F0099599E /* Sources */ = {
			isa = PBXSourcesBuildPhase;
			buildActionMask = 2147483647;
			files = (
				2D41794D2292BB7F0099599E /* smidigAppTests.swift in Sources */,
			);
			runOnlyForDeploymentPostprocessing = 0;
		};
		2D41794F2292BB7F0099599E /* Sources */ = {
			isa = PBXSourcesBuildPhase;
			buildActionMask = 2147483647;
			files = (
				2D4179582292BB7F0099599E /* smidigAppUITests.swift in Sources */,
			);
			runOnlyForDeploymentPostprocessing = 0;
		};
/* End PBXSourcesBuildPhase section */

/* Begin PBXTargetDependency section */
		2D41794A2292BB7F0099599E /* PBXTargetDependency */ = {
			isa = PBXTargetDependency;
			target = 2D4179332292BB7E0099599E /* smidigApp */;
			targetProxy = 2D4179492292BB7F0099599E /* PBXContainerItemProxy */;
		};
		2D4179552292BB7F0099599E /* PBXTargetDependency */ = {
			isa = PBXTargetDependency;
			target = 2D4179332292BB7E0099599E /* smidigApp */;
			targetProxy = 2D4179542292BB7F0099599E /* PBXContainerItemProxy */;
		};
/* End PBXTargetDependency section */

/* Begin PBXVariantGroup section */
		2D41793B2292BB7E0099599E /* Main.storyboard */ = {
			isa = PBXVariantGroup;
			children = (
				2D41793C2292BB7E0099599E /* Base */,
			);
			name = Main.storyboard;
			sourceTree = "<group>";
		};
		2D4179402292BB7F0099599E /* LaunchScreen.storyboard */ = {
			isa = PBXVariantGroup;
			children = (
				2D4179412292BB7F0099599E /* Base */,
			);
			name = LaunchScreen.storyboard;
			sourceTree = "<group>";
		};
/* End PBXVariantGroup section */

/* Begin XCBuildConfiguration section */
		2D41795A2292BB7F0099599E /* Debug */ = {
			isa = XCBuildConfiguration;
			buildSettings = {
				ALWAYS_SEARCH_USER_PATHS = NO;
				CLANG_ANALYZER_NONNULL = YES;
				CLANG_ANALYZER_NUMBER_OBJECT_CONVERSION = YES_AGGRESSIVE;
				CLANG_CXX_LANGUAGE_STANDARD = "gnu++14";
				CLANG_CXX_LIBRARY = "libc++";
				CLANG_ENABLE_MODULES = YES;
				CLANG_ENABLE_OBJC_ARC = YES;
				CLANG_ENABLE_OBJC_WEAK = YES;
				CLANG_WARN_BLOCK_CAPTURE_AUTORELEASING = YES;
				CLANG_WARN_BOOL_CONVERSION = YES;
				CLANG_WARN_COMMA = YES;
				CLANG_WARN_CONSTANT_CONVERSION = YES;
				CLANG_WARN_DEPRECATED_OBJC_IMPLEMENTATIONS = YES;
				CLANG_WARN_DIRECT_OBJC_ISA_USAGE = YES_ERROR;
				CLANG_WARN_DOCUMENTATION_COMMENTS = YES;
				CLANG_WARN_EMPTY_BODY = YES;
				CLANG_WARN_ENUM_CONVERSION = YES;
				CLANG_WARN_INFINITE_RECURSION = YES;
				CLANG_WARN_INT_CONVERSION = YES;
				CLANG_WARN_NON_LITERAL_NULL_CONVERSION = YES;
				CLANG_WARN_OBJC_IMPLICIT_RETAIN_SELF = YES;
				CLANG_WARN_OBJC_LITERAL_CONVERSION = YES;
				CLANG_WARN_OBJC_ROOT_CLASS = YES_ERROR;
				CLANG_WARN_RANGE_LOOP_ANALYSIS = YES;
				CLANG_WARN_STRICT_PROTOTYPES = YES;
				CLANG_WARN_SUSPICIOUS_MOVE = YES;
				CLANG_WARN_UNGUARDED_AVAILABILITY = YES_AGGRESSIVE;
				CLANG_WARN_UNREACHABLE_CODE = YES;
				CLANG_WARN__DUPLICATE_METHOD_MATCH = YES;
				CODE_SIGN_IDENTITY = "iPhone Developer";
				COPY_PHASE_STRIP = NO;
				DEBUG_INFORMATION_FORMAT = dwarf;
				ENABLE_STRICT_OBJC_MSGSEND = YES;
				ENABLE_TESTABILITY = YES;
				GCC_C_LANGUAGE_STANDARD = gnu11;
				GCC_DYNAMIC_NO_PIC = NO;
				GCC_NO_COMMON_BLOCKS = YES;
				GCC_OPTIMIZATION_LEVEL = 0;
				GCC_PREPROCESSOR_DEFINITIONS = (
					"DEBUG=1",
					"$(inherited)",
				);
				GCC_WARN_64_TO_32_BIT_CONVERSION = YES;
				GCC_WARN_ABOUT_RETURN_TYPE = YES_ERROR;
				GCC_WARN_UNDECLARED_SELECTOR = YES;
				GCC_WARN_UNINITIALIZED_AUTOS = YES_AGGRESSIVE;
				GCC_WARN_UNUSED_FUNCTION = YES;
				GCC_WARN_UNUSED_VARIABLE = YES;
				IPHONEOS_DEPLOYMENT_TARGET = 12.2;
				MTL_ENABLE_DEBUG_INFO = INCLUDE_SOURCE;
				MTL_FAST_MATH = YES;
				ONLY_ACTIVE_ARCH = YES;
				SDKROOT = iphoneos;
				SWIFT_ACTIVE_COMPILATION_CONDITIONS = DEBUG;
				SWIFT_OPTIMIZATION_LEVEL = "-Onone";
			};
			name = Debug;
		};
		2D41795B2292BB7F0099599E /* Release */ = {
			isa = XCBuildConfiguration;
			buildSettings = {
				ALWAYS_SEARCH_USER_PATHS = NO;
				CLANG_ANALYZER_NONNULL = YES;
				CLANG_ANALYZER_NUMBER_OBJECT_CONVERSION = YES_AGGRESSIVE;
				CLANG_CXX_LANGUAGE_STANDARD = "gnu++14";
				CLANG_CXX_LIBRARY = "libc++";
				CLANG_ENABLE_MODULES = YES;
				CLANG_ENABLE_OBJC_ARC = YES;
				CLANG_ENABLE_OBJC_WEAK = YES;
				CLANG_WARN_BLOCK_CAPTURE_AUTORELEASING = YES;
				CLANG_WARN_BOOL_CONVERSION = YES;
				CLANG_WARN_COMMA = YES;
				CLANG_WARN_CONSTANT_CONVERSION = YES;
				CLANG_WARN_DEPRECATED_OBJC_IMPLEMENTATIONS = YES;
				CLANG_WARN_DIRECT_OBJC_ISA_USAGE = YES_ERROR;
				CLANG_WARN_DOCUMENTATION_COMMENTS = YES;
				CLANG_WARN_EMPTY_BODY = YES;
				CLANG_WARN_ENUM_CONVERSION = YES;
				CLANG_WARN_INFINITE_RECURSION = YES;
				CLANG_WARN_INT_CONVERSION = YES;
				CLANG_WARN_NON_LITERAL_NULL_CONVERSION = YES;
				CLANG_WARN_OBJC_IMPLICIT_RETAIN_SELF = YES;
				CLANG_WARN_OBJC_LITERAL_CONVERSION = YES;
				CLANG_WARN_OBJC_ROOT_CLASS = YES_ERROR;
				CLANG_WARN_RANGE_LOOP_ANALYSIS = YES;
				CLANG_WARN_STRICT_PROTOTYPES = YES;
				CLANG_WARN_SUSPICIOUS_MOVE = YES;
				CLANG_WARN_UNGUARDED_AVAILABILITY = YES_AGGRESSIVE;
				CLANG_WARN_UNREACHABLE_CODE = YES;
				CLANG_WARN__DUPLICATE_METHOD_MATCH = YES;
				CODE_SIGN_IDENTITY = "iPhone Developer";
				COPY_PHASE_STRIP = NO;
				DEBUG_INFORMATION_FORMAT = "dwarf-with-dsym";
				ENABLE_NS_ASSERTIONS = NO;
				ENABLE_STRICT_OBJC_MSGSEND = YES;
				GCC_C_LANGUAGE_STANDARD = gnu11;
				GCC_NO_COMMON_BLOCKS = YES;
				GCC_WARN_64_TO_32_BIT_CONVERSION = YES;
				GCC_WARN_ABOUT_RETURN_TYPE = YES_ERROR;
				GCC_WARN_UNDECLARED_SELECTOR = YES;
				GCC_WARN_UNINITIALIZED_AUTOS = YES_AGGRESSIVE;
				GCC_WARN_UNUSED_FUNCTION = YES;
				GCC_WARN_UNUSED_VARIABLE = YES;
				IPHONEOS_DEPLOYMENT_TARGET = 12.2;
				MTL_ENABLE_DEBUG_INFO = NO;
				MTL_FAST_MATH = YES;
				SDKROOT = iphoneos;
				SWIFT_COMPILATION_MODE = wholemodule;
				SWIFT_OPTIMIZATION_LEVEL = "-O";
				VALIDATE_PRODUCT = YES;
			};
			name = Release;
		};
		2D41795D2292BB800099599E /* Debug */ = {
			isa = XCBuildConfiguration;
			baseConfigurationReference = E924AB54EDAA24F8CF8DE0BE /* Pods-smidigApp.debug.xcconfig */;
			buildSettings = {
				ASSETCATALOG_COMPILER_APPICON_NAME = AppIcon;
				CODE_SIGN_STYLE = Automatic;
				DEVELOPMENT_TEAM = 76AK25N54Q;
				INFOPLIST_FILE = smidigApp/Info.plist;
				LD_RUNPATH_SEARCH_PATHS = (
					"$(inherited)",
					"@executable_path/Frameworks",
				);
				PRODUCT_BUNDLE_IDENTIFIER = com.josephnimoson.smidigApp;
				PRODUCT_NAME = "$(TARGET_NAME)";
				SWIFT_VERSION = 5.0;
				TARGETED_DEVICE_FAMILY = "1,2";
			};
			name = Debug;
		};
		2D41795E2292BB800099599E /* Release */ = {
			isa = XCBuildConfiguration;
			baseConfigurationReference = 0D0C0066C2A21CBDFA53DE59 /* Pods-smidigApp.release.xcconfig */;
			buildSettings = {
				ASSETCATALOG_COMPILER_APPICON_NAME = AppIcon;
				CODE_SIGN_STYLE = Automatic;
				DEVELOPMENT_TEAM = 76AK25N54Q;
				INFOPLIST_FILE = smidigApp/Info.plist;
				LD_RUNPATH_SEARCH_PATHS = (
					"$(inherited)",
					"@executable_path/Frameworks",
				);
				PRODUCT_BUNDLE_IDENTIFIER = com.josephnimoson.smidigApp;
				PRODUCT_NAME = "$(TARGET_NAME)";
				SWIFT_VERSION = 5.0;
				TARGETED_DEVICE_FAMILY = "1,2";
			};
			name = Release;
		};
		2D4179602292BB800099599E /* Debug */ = {
			isa = XCBuildConfiguration;
			baseConfigurationReference = F384FC71AC6C49E89ED40158 /* Pods-smidigAppTests.debug.xcconfig */;
			buildSettings = {
				ALWAYS_EMBED_SWIFT_STANDARD_LIBRARIES = YES;
				BUNDLE_LOADER = "$(TEST_HOST)";
				CODE_SIGN_STYLE = Automatic;
				DEVELOPMENT_TEAM = 76AK25N54Q;
				INFOPLIST_FILE = smidigAppTests/Info.plist;
				LD_RUNPATH_SEARCH_PATHS = (
					"$(inherited)",
					"@executable_path/Frameworks",
					"@loader_path/Frameworks",
				);
				PRODUCT_BUNDLE_IDENTIFIER = com.josephnimoson.smidigAppTests;
				PRODUCT_NAME = "$(TARGET_NAME)";
				SWIFT_VERSION = 5.0;
				TARGETED_DEVICE_FAMILY = "1,2";
				TEST_HOST = "$(BUILT_PRODUCTS_DIR)/smidigApp.app/smidigApp";
			};
			name = Debug;
		};
		2D4179612292BB800099599E /* Release */ = {
			isa = XCBuildConfiguration;
			baseConfigurationReference = A16796E1F311E23C04A3B6C1 /* Pods-smidigAppTests.release.xcconfig */;
			buildSettings = {
				ALWAYS_EMBED_SWIFT_STANDARD_LIBRARIES = YES;
				BUNDLE_LOADER = "$(TEST_HOST)";
				CODE_SIGN_STYLE = Automatic;
				DEVELOPMENT_TEAM = 76AK25N54Q;
				INFOPLIST_FILE = smidigAppTests/Info.plist;
				LD_RUNPATH_SEARCH_PATHS = (
					"$(inherited)",
					"@executable_path/Frameworks",
					"@loader_path/Frameworks",
				);
				PRODUCT_BUNDLE_IDENTIFIER = com.josephnimoson.smidigAppTests;
				PRODUCT_NAME = "$(TARGET_NAME)";
				SWIFT_VERSION = 5.0;
				TARGETED_DEVICE_FAMILY = "1,2";
				TEST_HOST = "$(BUILT_PRODUCTS_DIR)/smidigApp.app/smidigApp";
			};
			name = Release;
		};
		2D4179632292BB800099599E /* Debug */ = {
			isa = XCBuildConfiguration;
			baseConfigurationReference = A6A8F7A76741270479FFAF3B /* Pods-smidigAppUITests.debug.xcconfig */;
			buildSettings = {
				ALWAYS_EMBED_SWIFT_STANDARD_LIBRARIES = YES;
				CODE_SIGN_STYLE = Automatic;
				DEVELOPMENT_TEAM = 76AK25N54Q;
				INFOPLIST_FILE = smidigAppUITests/Info.plist;
				LD_RUNPATH_SEARCH_PATHS = (
					"$(inherited)",
					"@executable_path/Frameworks",
					"@loader_path/Frameworks",
				);
				PRODUCT_BUNDLE_IDENTIFIER = com.josephnimoson.smidigAppUITests;
				PRODUCT_NAME = "$(TARGET_NAME)";
				SWIFT_VERSION = 5.0;
				TARGETED_DEVICE_FAMILY = "1,2";
				TEST_TARGET_NAME = smidigApp;
			};
			name = Debug;
		};
		2D4179642292BB800099599E /* Release */ = {
			isa = XCBuildConfiguration;
			baseConfigurationReference = 69C293B409DC2647926C2EC4 /* Pods-smidigAppUITests.release.xcconfig */;
			buildSettings = {
				ALWAYS_EMBED_SWIFT_STANDARD_LIBRARIES = YES;
				CODE_SIGN_STYLE = Automatic;
				DEVELOPMENT_TEAM = 76AK25N54Q;
				INFOPLIST_FILE = smidigAppUITests/Info.plist;
				LD_RUNPATH_SEARCH_PATHS = (
					"$(inherited)",
					"@executable_path/Frameworks",
					"@loader_path/Frameworks",
				);
				PRODUCT_BUNDLE_IDENTIFIER = com.josephnimoson.smidigAppUITests;
				PRODUCT_NAME = "$(TARGET_NAME)";
				SWIFT_VERSION = 5.0;
				TARGETED_DEVICE_FAMILY = "1,2";
				TEST_TARGET_NAME = smidigApp;
			};
			name = Release;
		};
/* End XCBuildConfiguration section */

/* Begin XCConfigurationList section */
		2D41792F2292BB7E0099599E /* Build configuration list for PBXProject "smidigApp" */ = {
			isa = XCConfigurationList;
			buildConfigurations = (
				2D41795A2292BB7F0099599E /* Debug */,
				2D41795B2292BB7F0099599E /* Release */,
			);
			defaultConfigurationIsVisible = 0;
			defaultConfigurationName = Release;
		};
		2D41795C2292BB800099599E /* Build configuration list for PBXNativeTarget "smidigApp" */ = {
			isa = XCConfigurationList;
			buildConfigurations = (
				2D41795D2292BB800099599E /* Debug */,
				2D41795E2292BB800099599E /* Release */,
			);
			defaultConfigurationIsVisible = 0;
			defaultConfigurationName = Release;
		};
		2D41795F2292BB800099599E /* Build configuration list for PBXNativeTarget "smidigAppTests" */ = {
			isa = XCConfigurationList;
			buildConfigurations = (
				2D4179602292BB800099599E /* Debug */,
				2D4179612292BB800099599E /* Release */,
			);
			defaultConfigurationIsVisible = 0;
			defaultConfigurationName = Release;
		};
		2D4179622292BB800099599E /* Build configuration list for PBXNativeTarget "smidigAppUITests" */ = {
			isa = XCConfigurationList;
			buildConfigurations = (
				2D4179632292BB800099599E /* Debug */,
				2D4179642292BB800099599E /* Release */,
			);
			defaultConfigurationIsVisible = 0;
			defaultConfigurationName = Release;
		};
/* End XCConfigurationList section */
	};
	rootObject = 2D41792C2292BB7E0099599E /* Project object */;
}
